<?xml version="1.0" encoding="utf-8"?>
<Project ToolsVersion="4.0" xmlns="http://schemas.microsoft.com/developer/msbuild/2003">
  <ItemGroup>
    <Filter Include="Source Files">
      <UniqueIdentifier>{4FC737F1-C7A5-4376-A066-2A32D752A2FF}</UniqueIdentifier>
      <Extensions>cpp;c;cc;cxx;def;odl;idl;hpj;bat;asm;asmx</Extensions>
    </Filter>
    <Filter Include="Header Files">
      <UniqueIdentifier>{93995380-89BD-4b04-88EB-625FBE52EBFB}</UniqueIdentifier>
      <Extensions>h;hh;hpp;hxx;hm;inl;inc;xsd</Extensions>
    </Filter>
    <Filter Include="Resource Files">
      <UniqueIdentifier>{67DA6AB6-F800-4c08-8B7A-83BB121AAD01}</UniqueIdentifier>
      <Extensions>rc;ico;cur;bmp;dlg;rc2;rct;bin;rgs;gif;jpg;jpeg;jpe;resx;tiff;tif;png;wav;mfcribbon-ms</Extensions>
    </Filter>
  </ItemGroup>
  <ItemGroup>
    <ClInclude Include="mvs_file\stdafx.h">
      <Filter>Header Files</Filter>
    </ClInclude>
    <ClInclude Include="mvs_file\targetver.h">
      <Filter>Header Files</Filter>
    </ClInclude>
    <ClInclude Include="include\Graphics\Render\DisplayPackage.hpp">
      <Filter>Header Files</Filter>
    </ClInclude>
    <ClInclude Include="include\Graphics\Render\VertexArray.hpp">
      <Filter>Header Files</Filter>
    </ClInclude>
    <ClInclude Include="include\Graphics\Texture\TextureID.hpp">
      <Filter>Header Files</Filter>
    </ClInclude>
    <ClInclude Include="include\Graphics\Texture\TextureManager.hpp">
      <Filter>Header Files</Filter>
    </ClInclude>
    <ClInclude Include="include\Graphics\GraphicsEngine.hpp">
      <Filter>Header Files</Filter>
    </ClInclude>
    <ClInclude Include="include\Utils\Container\Vec2.hpp">
      <Filter>Header Files</Filter>
    </ClInclude>
    <ClInclude Include="include\Utils\Math\Math.hpp">
      <Filter>Header Files</Filter>
    </ClInclude>
    <ClInclude Include="include\Utils\Movement\Movement.hpp">
      <Filter>Header Files</Filter>
    </ClInclude>
    <ClInclude Include="include\Utils\Transform\Rotation.hpp">
      <Filter>Header Files</Filter>
    </ClInclude>
    <ClInclude Include="include\Utils\Transform\Scaling.hpp">
      <Filter>Header Files</Filter>
    </ClInclude>
    <ClInclude Include="include\Utils\Transform\Transformable.hpp">
      <Filter>Header Files</Filter>
    </ClInclude>
    <ClInclude Include="include\Utils\Transform\TransformArguments.hpp">
      <Filter>Header Files</Filter>
    </ClInclude>
    <ClInclude Include="include\Utils\Transform\Translation.hpp">
      <Filter>Header Files</Filter>
    </ClInclude>
    <ClInclude Include="include\Config.hpp">
      <Filter>Header Files</Filter>
    </ClInclude>
    <ClInclude Include="include\Graphics\Render\Drawer.hpp">
      <Filter>Header Files</Filter>
    </ClInclude>
    <ClInclude Include="include\Graphics\Layer\Layer.hpp">
      <Filter>Header Files</Filter>
    </ClInclude>
    <ClInclude Include="include\Graphics\Layer\LayerID.hpp">
      <Filter>Header Files</Filter>
    </ClInclude>
    <ClInclude Include="include\Graphics\Layer\LayerKey.hpp">
      <Filter>Header Files</Filter>
    </ClInclude>
    <ClInclude Include="include\Animations\AnimationsEngine.hpp">
      <Filter>Header Files</Filter>
    </ClInclude>
    <ClInclude Include="include\Animations\Tile\TileManager.hpp">
      <Filter>Header Files</Filter>
    </ClInclude>
    <ClInclude Include="include\Animations\Tile\Tile.hpp">
      <Filter>Header Files</Filter>
    </ClInclude>
    <ClInclude Include="include\Utils\Math\AlignedRect.hpp">
      <Filter>Header Files</Filter>
    </ClInclude>
    <ClInclude Include="include\Animations\Tile\TileID.hpp">
      <Filter>Header Files</Filter>
    </ClInclude>
    <ClInclude Include="include\Animations\Tile\TileKey.hpp">
      <Filter>Header Files</Filter>
    </ClInclude>
    <ClInclude Include="include\Graphics\Layer\LayerFactory.hpp">
      <Filter>Header Files</Filter>
    </ClInclude>
    <ClInclude Include="include\Utils\Identifier\KeyString.hpp">
      <Filter>Header Files</Filter>
    </ClInclude>
    <ClInclude Include="include\Utils\Identifier\UintID.hpp">
      <Filter>Header Files</Filter>
    </ClInclude>
    <ClInclude Include="include\Graphics\Texture\TextureKey.hpp">
      <Filter>Header Files</Filter>
    </ClInclude>
    <ClInclude Include="include\Animations\Animation\Animation.hpp">
      <Filter>Header Files</Filter>
    </ClInclude>
    <ClInclude Include="include\Animations\Animation\AnimationManager.hpp">
      <Filter>Header Files</Filter>
    </ClInclude>
    <ClInclude Include="include\Animations\Animation\AnimationKey.hpp">
      <Filter>Header Files</Filter>
    </ClInclude>
    <ClInclude Include="include\Animations\Animation\AnimationID.hpp">
      <Filter>Header Files</Filter>
    </ClInclude>
    <ClInclude Include="include\Animations\AnimationComponent.hpp">
      <Filter>Header Files</Filter>
    </ClInclude>
    <ClInclude Include="include\Utils\Container\Iterator.hpp">
      <Filter>Header Files</Filter>
    </ClInclude>
    <ClInclude Include="include\Animations\Animation\Time.hpp">
      <Filter>Header Files</Filter>
    </ClInclude>
    <ClInclude Include="include\Animations\AnimationPlayer.hpp">
      <Filter>Header Files</Filter>
    </ClInclude>
    <ClInclude Include="include\Utils\Container\StateIterator.hpp">
      <Filter>Header Files</Filter>
    </ClInclude>
    <ClInclude Include="include\Animations\Machine\AnimationMachine.hpp">
      <Filter>Header Files</Filter>
    </ClInclude>
    <ClInclude Include="include\Animations\Machine\AnimationState.hpp">
      <Filter>Header Files</Filter>
    </ClInclude>
    <ClInclude Include="include\Graphics\Layer\LayerManager.hpp">
      <Filter>Header Files</Filter>
    </ClInclude>
    <ClInclude Include="include\Graphics\Layer\MergedDrawArray.hpp">
      <Filter>Header Files</Filter>
    </ClInclude>
    <ClInclude Include="include\Graphics\DEBUG_GraphicsView.hpp">
      <Filter>Header Files</Filter>
    </ClInclude>
    <ClInclude Include="include\Engine.hpp">
      <Filter>Header Files</Filter>
    </ClInclude>
    <ClInclude Include="include\Animations\DEBUG_AnimationsView.hpp">
      <Filter>Header Files</Filter>
    </ClInclude>
    <ClInclude Include="include\Utils\DEBUG_View\DEBUG_View.hpp">
      <Filter>Header Files</Filter>
    </ClInclude>
    <ClInclude Include="include\Utils\DEBUG_View\DEBUG_String.hpp">
      <Filter>Header Files</Filter>
    </ClInclude>
    <ClInclude Include="include\Utils\DEBUG_View\DEBUG_InfoType.hpp">
      <Filter>Header Files</Filter>
    </ClInclude>
    <ClInclude Include="include\Utils\DEBUG_View\DEBUG_Line.hpp">
      <Filter>Header Files</Filter>
    </ClInclude>
    <ClInclude Include="include\Utils\Container\MapTable.hpp">
      <Filter>Header Files</Filter>
    </ClInclude>
    <ClInclude Include="include\Utils\Container\IDTable.hpp">
      <Filter>Header Files</Filter>
    </ClInclude>
    <ClInclude Include="include\Utils\Container\MapTableStorable.hpp">
      <Filter>Header Files</Filter>
    </ClInclude>
    <ClInclude Include="include\Graphics\Render\GraphicsComponent.hpp">
      <Filter>Header Files</Filter>
    </ClInclude>
  </ItemGroup>
  <ItemGroup>
    <ClCompile Include="mvs_file\stdafx.cpp">
      <Filter>Source Files</Filter>
    </ClCompile>
    <ClCompile Include="dllmain.cpp">
      <Filter>Source Files</Filter>
    </ClCompile>
    <ClCompile Include="source\Utils\Transform\Rotation.cpp">
      <Filter>Source Files</Filter>
    </ClCompile>
    <ClCompile Include="source\Utils\Transform\Scaling.cpp">
      <Filter>Source Files</Filter>
    </ClCompile>
    <ClCompile Include="source\Utils\Transform\Transformable.cpp">
      <Filter>Source Files</Filter>
    </ClCompile>
    <ClCompile Include="source\Utils\Transform\TransformArguments.cpp">
      <Filter>Source Files</Filter>
    </ClCompile>
    <ClCompile Include="source\Utils\Transform\Translation.cpp">
      <Filter>Source Files</Filter>
    </ClCompile>
    <ClCompile Include="source\Graphics\Render\DisplayPackage.cpp">
      <Filter>Source Files</Filter>
    </ClCompile>
    <ClCompile Include="source\Graphics\Render\VertexArray.cpp">
      <Filter>Source Files</Filter>
    </ClCompile>
    <ClCompile Include="source\Graphics\Texture\TextureManager.cpp">
      <Filter>Source Files</Filter>
    </ClCompile>
    <ClCompile Include="source\Graphics\GraphicsEngine.cpp">
      <Filter>Source Files</Filter>
    </ClCompile>
    <ClCompile Include="source\Utils\Container\Vec2.cpp">
      <Filter>Source Files</Filter>
    </ClCompile>
    <ClCompile Include="source\Graphics\Render\Drawer.cpp">
      <Filter>Source Files</Filter>
    </ClCompile>
    <ClCompile Include="source\Graphics\Layer\Layer.cpp">
      <Filter>Source Files</Filter>
    </ClCompile>
    <ClCompile Include="source\Animations\Tile\Tile.cpp">
      <Filter>Source Files</Filter>
    </ClCompile>
    <ClCompile Include="source\Animations\Tile\TileManager.cpp">
      <Filter>Source Files</Filter>
    </ClCompile>
    <ClCompile Include="source\Animations\AnimationComponent.cpp">
      <Filter>Source Files</Filter>
    </ClCompile>
    <ClCompile Include="source\Graphics\Layer\LayerFactory.cpp">
      <Filter>Source Files</Filter>
    </ClCompile>
    <ClCompile Include="source\Animations\Animation\AnimationManager.cpp">
      <Filter>Source Files</Filter>
    </ClCompile>
    <ClCompile Include="source\Animations\AnimationPlayer.cpp">
      <Filter>Source Files</Filter>
    </ClCompile>
    <ClCompile Include="source\Animations\Animation\Animation.cpp">
      <Filter>Source Files</Filter>
    </ClCompile>
    <ClCompile Include="source\Animations\Machine\AnimationMachine.cpp">
      <Filter>Source Files</Filter>
    </ClCompile>
    <ClCompile Include="source\Animations\Machine\AnimationState.cpp">
      <Filter>Source Files</Filter>
    </ClCompile>
    <ClCompile Include="source\Animations\Animation\Time.cpp">
      <Filter>Source Files</Filter>
    </ClCompile>
    <ClCompile Include="source\Graphics\Layer\LayerManager.cpp">
      <Filter>Source Files</Filter>
    </ClCompile>
    <ClCompile Include="source\Graphics\Layer\MergedDrawArray.cpp">
      <Filter>Source Files</Filter>
    </ClCompile>
    <ClCompile Include="source\Graphics\DEBUG_GraphicsView.cpp">
      <Filter>Source Files</Filter>
    </ClCompile>
    <ClCompile Include="source\Engine.cpp">
      <Filter>Source Files</Filter>
    </ClCompile>
    <ClCompile Include="source\Utils\DEBUG_View\DEBUG_View.cpp">
      <Filter>Source Files</Filter>
    </ClCompile>
    <ClCompile Include="source\Utils\DEBUG_View\DEBUG_String.cpp">
      <Filter>Source Files</Filter>
    </ClCompile>
    <ClCompile Include="source\Utils\DEBUG_View\DEBUG_Line.cpp">
      <Filter>Source Files</Filter>
    </ClCompile>
    <ClCompile Include="source\Graphics\Render\GraphicsComponent.cpp">
      <Filter>Source Files</Filter>
    </ClCompile>
  </ItemGroup>
  <ItemGroup>
    <Text Include="mvs_file\ReadMe.txt" />
  </ItemGroup>
  <ItemGroup>
    <None Include="include\Utils\Container\Iterator.inl">
      <Filter>Header Files</Filter>
    </None>
    <None Include="include\Utils\Container\StateIterator.inl">
      <Filter>Header Files</Filter>
    </None>
    <None Include="include\Utils\Container\MapTable.inl">
      <Filter>Header Files</Filter>
    </None>
    <None Include="include\Utils\Container\IDTable.inl">
      <Filter>Header Files</Filter>
    </None>
    <None Include="include\Utils\Container\MapTableStorable.inl">
      <Filter>Header Files</Filter>
    </None>
  </ItemGroup>
</Project>